
Microsoft Visual Studio Solution File, Format Version 12.00
# Visual Studio 15
Project("{FAE04EC0-301F-11D3-BF4B-00C04F79EFBC}") = "Assignment2", "Assignment2\Assignment2.csproj", "{ED1607A1-7078-4FA4-AAAD-8F61EA830946}"
EndProject
Global
	GlobalSection(SolutionConfigurationPlatforms) = preSolution
		Debug|x86 = Debug|x86
		Release|x86 = Release|x86
	EndGlobalSection
	GlobalSection(ProjectConfigurationPlatforms) = postSolution
		{ED1607A1-7078-4FA4-AAAD-8F61EA830946}.Debug|x86.ActiveCfg = Debug|x86
		{ED1607A1-7078-4FA4-AAAD-8F61EA830946}.Debug|x86.Build.0 = Debug|x86
		{ED1607A1-7078-4FA4-AAAD-8F61EA830946}.Release|x86.ActiveCfg = Release|x86
		{ED1607A1-7078-4FA4-AAAD-8F61EA830946}.Release|x86.Build.0 = Release|x86
	EndGlobalSection
EndGlobal
