
Microsoft Visual Studio Solution File, Format Version 12.00
# Visual Studio Version 16
VisualStudioVersion = 16.0.29123.88
MinimumVisualStudioVersion = 10.0.40219.1
Project("{FAE04EC0-301F-11D3-BF4B-00C04F79EFBC}") = "Assignment5G", "Assignment5G\Assignment5G.csproj", "{19CADAA6-0089-4457-82CA-F74EBBA0D104}"
EndProject
Global
	GlobalSection(SolutionConfigurationPlatforms) = preSolution
		Debug|Any CPU = Debug|Any CPU
		Release|Any CPU = Release|Any CPU
	EndGlobalSection
	GlobalSection(ProjectConfigurationPlatforms) = postSolution
		{19CADAA6-0089-4457-82CA-F74EBBA0D104}.Debug|Any CPU.ActiveCfg = Debug|Any CPU
		{19CADAA6-0089-4457-82CA-F74EBBA0D104}.Debug|Any CPU.Build.0 = Debug|Any CPU
		{19CADAA6-0089-4457-82CA-F74EBBA0D104}.Release|Any CPU.ActiveCfg = Release|Any CPU
		{19CADAA6-0089-4457-82CA-F74EBBA0D104}.Release|Any CPU.Build.0 = Release|Any CPU
	EndGlobalSection
	GlobalSection(SolutionProperties) = preSolution
		HideSolutionNode = FALSE
	EndGlobalSection
	GlobalSection(ExtensibilityGlobals) = postSolution
		SolutionGuid = {6CD7996D-9B2C-49F0-8C4C-8E17198C3E6D}
	EndGlobalSection
EndGlobal
